
Microsoft Visual Studio Solution File, Format Version 12.00
# Visual Studio 15
Project("{FAE04EC0-301F-11D3-BF4B-00C04F79EFBC}") = "test_aspnet_webforms", "test_aspnet_webforms\test_aspnet_webforms.csproj", "{EE8CEFFC-7322-489B-BF8C-40BD7C3438BC}"
EndProject
Global
	GlobalSection(SolutionConfigurationPlatforms) = preSolution
		Debug|Any CPU = Debug|Any CPU
		Release|Any CPU = Release|Any CPU
	EndGlobalSection
	GlobalSection(ProjectConfigurationPlatforms) = postSolution
		{EE8CEFFC-7322-489B-BF8C-40BD7C3438BC}.Debug|Any CPU.ActiveCfg = Debug|Any CPU
		{EE8CEFFC-7322-489B-BF8C-40BD7C3438BC}.Debug|Any CPU.Build.0 = Debug|Any CPU
		{EE8CEFFC-7322-489B-BF8C-40BD7C3438BC}.Release|Any CPU.ActiveCfg = Release|Any CPU
		{EE8CEFFC-7322-489B-BF8C-40BD7C3438BC}.Release|Any CPU.Build.0 = Release|Any CPU
	EndGlobalSection
	GlobalSection(MonoDevelopProperties) = preSolution
		BaseDirectory = test_aspnet_webforms/bin
	EndGlobalSection
EndGlobal
